
Microsoft Visual Studio Solution File, Format Version 12.00
# Visual Studio Version 16
VisualStudioVersion = 16.0.30011.22
MinimumVisualStudioVersion = 10.0.40219.1
Project("{FAE04EC0-301F-11D3-BF4B-00C04F79EFBC}") = "webcopy", "webcopy\webcopy.csproj", "{C939FE0C-D334-46AD-9768-7224D8F2DF05}"
EndProject
Global
	GlobalSection(SolutionConfigurationPlatforms) = preSolution
		Debug|Any CPU = Debug|Any CPU
		Release|Any CPU = Release|Any CPU
	EndGlobalSection
	GlobalSection(ProjectConfigurationPlatforms) = postSolution
		{C939FE0C-D334-46AD-9768-7224D8F2DF05}.Debug|Any CPU.ActiveCfg = Debug|Any CPU
		{C939FE0C-D334-46AD-9768-7224D8F2DF05}.Debug|Any CPU.Build.0 = Debug|Any CPU
		{C939FE0C-D334-46AD-9768-7224D8F2DF05}.Release|Any CPU.ActiveCfg = Release|Any CPU
		{C939FE0C-D334-46AD-9768-7224D8F2DF05}.Release|Any CPU.Build.0 = Release|Any CPU
	EndGlobalSection
	GlobalSection(SolutionProperties) = preSolution
		HideSolutionNode = FALSE
	EndGlobalSection
	GlobalSection(ExtensibilityGlobals) = postSolution
		SolutionGuid = {6EE6E51C-F2DF-44B4-903B-398BB6B930AE}
	EndGlobalSection
EndGlobal
